
Microsoft Visual Studio Solution File, Format Version 12.00
# Visual Studio 15
VisualStudioVersion = 15.0.27130.2010
MinimumVisualStudioVersion = 10.0.40219.1
Project("{9A19103F-16F7-4668-BE54-9A1E7A4F7556}") = "GettingStarted", "GettingStarted\GettingStarted.csproj", "{8754AE8D-6E03-4A21-BA78-7CAC192F4102}"
EndProject
Global
	GlobalSection(SolutionConfigurationPlatforms) = preSolution
		Debug|Any CPU = Debug|Any CPU
		Release|Any CPU = Release|Any CPU
	EndGlobalSection
	GlobalSection(ProjectConfigurationPlatforms) = postSolution
		{8754AE8D-6E03-4A21-BA78-7CAC192F4102}.Debug|Any CPU.ActiveCfg = Debug|Any CPU
		{8754AE8D-6E03-4A21-BA78-7CAC192F4102}.Debug|Any CPU.Build.0 = Debug|Any CPU
		{8754AE8D-6E03-4A21-BA78-7CAC192F4102}.Release|Any CPU.ActiveCfg = Release|Any CPU
		{8754AE8D-6E03-4A21-BA78-7CAC192F4102}.Release|Any CPU.Build.0 = Release|Any CPU
	EndGlobalSection
	GlobalSection(SolutionProperties) = preSolution
		HideSolutionNode = FALSE
	EndGlobalSection
	GlobalSection(ExtensibilityGlobals) = postSolution
		SolutionGuid = {7A8FFCF9-54A3-4668-83E0-4B1B7A651A86}
	EndGlobalSection
EndGlobal
